{
    "_readme": [
        "This file locks the dependencies of your project to a known state",
        "Read more about it at https://getcomposer.org/doc/01-basic-usage.md#installing-dependencies",
        "This file is @generated automatically"
    ],
    "content-hash": "e24ebc3e4c1ca739dfbd4504446fab26",
    "packages": [
        {
            "name": "bramus/router",
            "version": "1.5",
            "source": {
                "type": "git",
                "url": "https://github.com/bramus/router.git",
                "reference": "6adc0182dc6b0ebc22fd10543f65a36de10d8c05"
            },
            "dist": {
                "type": "zip",
                "url": "https://api.github.com/repos/bramus/router/zipball/6adc0182dc6b0ebc22fd10543f65a36de10d8c05",
                "reference": "6adc0182dc6b0ebc22fd10543f65a36de10d8c05",
                "shasum": "",
                "mirrors": [
                    {
                        "url": "https://mirrors.aliyun.com/composer/dists/%package%/%reference%.%type%",
                        "preferred": true
                    }
                ]
            },
            "require": {
                "php": ">=5.3.0"
            },
            "require-dev": {
                "friendsofphp/php-cs-fixer": "~2.14",
                "phpunit/php-code-coverage": "~2.0",
                "phpunit/phpunit": "~4.0"
            },
            "type": "library",
            "autoload": {
                "psr-0": {
                    "Bramus": "src/"
                }
            },
            "notification-url": "https://packagist.org/downloads/",
            "license": [
                "MIT"
            ],
            "authors": [
                {
                    "name": "Bram(us) Van Damme",
                    "email": "bramus@bram.us",
                    "homepage": "http://www.bram.us"
                }
            ],
            "description": "A lightweight and simple object oriented PHP Router",
            "homepage": "https://github.com/bramus/router",
            "keywords": [
                "router",
                "routing"
            ],
            "support": {
                "issues": "https://github.com/bramus/router/issues",
                "source": "https://github.com/bramus/router/tree/1.5"
            },
            "time": "2020-10-26T09:50:48+00:00"
        },
        {
            "name": "jshensh/php-curl-class",
            "version": "0.0.18",
            "source": {
                "type": "git",
                "url": "https://github.com/jshensh/php-curl-class.git",
                "reference": "6a13fc21284ec43196f16afce0e600ba28345aa7"
            },
            "dist": {
                "type": "zip",
                "url": "https://api.github.com/repos/jshensh/php-curl-class/zipball/6a13fc21284ec43196f16afce0e600ba28345aa7",
                "reference": "6a13fc21284ec43196f16afce0e600ba28345aa7",
                "shasum": "",
                "mirrors": [
                    {
                        "url": "https://mirrors.aliyun.com/composer/dists/%package%/%reference%.%type%",
                        "preferred": true
                    }
                ]
            },
            "require": {
                "php": "^5.6 || ^7.1"
            },
            "type": "library",
            "extra": {
                "laravel": {
                    "providers": [
                        "CustomCurl\\FrameworkSupport\\Laravel\\Providers\\LoadViewsProvider"
                    ]
                }
            },
            "autoload": {
                "psr-4": {
                    "CustomCurl\\": "src/"
                }
            },
            "notification-url": "https://packagist.org/downloads/",
            "license": [
                "GPL-3.0-or-later"
            ],
            "authors": [
                {
                    "name": "jshensh",
                    "email": "admin@imjs.work",
                    "homepage": "https://233.imjs.work"
                }
            ],
            "description": "PHP HTTP client, based on cURL",
            "keywords": [
                "client",
                "curl",
                "http",
                "http client",
                "web service"
            ],
            "support": {
                "issues": "https://github.com/jshensh/php-curl-class/issues",
                "source": "https://github.com/jshensh/php-curl-class/tree/0.0.18"
            },
            "time": "2021-06-22T08:43:31+00:00"
        },
        {
            "name": "lincanbin/php-pdo-mysql-class",
            "version": "v2.2",
            "source": {
                "type": "git",
                "url": "https://github.com/lincanbin/PHP-PDO-MySQL-Class.git",
                "reference": "7517d30ffc514a3c54217717b97721ab394fa87a"
            },
            "dist": {
                "type": "zip",
                "url": "https://api.github.com/repos/lincanbin/PHP-PDO-MySQL-Class/zipball/7517d30ffc514a3c54217717b97721ab394fa87a",
                "reference": "7517d30ffc514a3c54217717b97721ab394fa87a",
                "shasum": "",
                "mirrors": [
                    {
                        "url": "https://mirrors.aliyun.com/composer/dists/%package%/%reference%.%type%",
                        "preferred": true
                    }
                ]
            },
            "require": {
                "ext-pdo": "*",
                "ext-pdo_mysql": "*",
                "php": ">=5.3.6"
            },
            "type": "library",
            "autoload": {
                "files": [
                    "src/PDO.class.php"
                ]
            },
            "notification-url": "https://packagist.org/downloads/",
            "license": [
                "Apache-2.0"
            ],
            "authors": [
                {
                    "name": "lincanbin",
                    "email": "lincanbin@hotmail.com"
                }
            ],
            "description": "A PHP MySQL PDO class similar to the Python MySQLdb, which supports iterator and parameter binding when using 'WHERE IN' statement.",
            "keywords": [
                "database",
                "iterator",
                "mysql",
                "pdo"
            ],
            "support": {
                "issues": "https://github.com/lincanbin/PHP-PDO-MySQL-Class/issues",
                "source": "https://github.com/lincanbin/PHP-PDO-MySQL-Class/tree/v2.2"
            },
            "time": "2020-11-27T02:02:36+00:00"
        }
    ],
    "packages-dev": [],
    "aliases": [],
    "minimum-stability": "stable",
    "stability-flags": [],
    "prefer-stable": false,
    "prefer-lowest": false,
    "platform": {
        "ext-curl": "*",
        "ext-json": "*"
    },
    "platform-dev": [],
    "plugin-api-version": "2.0.0"
}
