# THIS IS AN AUTOGENERATED FILE. DO NOT EDIT THIS FILE DIRECTLY.
# yarn lockfile v1


bootstrap@^5.0.2:
  version "5.0.2"
  resolved "https://registry.yarnpkg.com/bootstrap/-/bootstrap-5.0.2.tgz#aff23d5e0e03c31255ad437530ee6556e78e728e"
  integrity sha512-1Ge963tyEQWJJ+8qtXFU6wgmAVj9gweEjibUdbmcCEYsn38tVwRk8107rk2vzt6cfQcRr3SlZ8aQBqaD8aqf+Q==

dropzone@^5.9.2:
  version "5.9.2"
  resolved "https://registry.yarnpkg.com/dropzone/-/dropzone-5.9.2.tgz#0a90ce3f6b011c3932484f368f4bf06223729450"
  integrity sha512-5t2z51DzIsWDbTpwcJIvUlwxBbvcwdCApz0yb9ecKJwG155Xm92KMEZmHW1B0MzoXOKvFwdd0nPu5cpeVcvPHQ==

jquery@^3.6.0:
  version "3.6.0"
  resolved "https://registry.yarnpkg.com/jquery/-/jquery-3.6.0.tgz#c72a09f15c1bdce142f49dbf1170bdf8adac2470"
  integrity sha512-JVzAR/AjBvVt2BmYhxRCSYysDsPcssdmTFnzyLEts9qNwmjmu4JTAMYubEfwVOSwpQ1I1sKKFcxhZCI2buerfw==

nprogress@^0.2.0:
  version "0.2.0"
  resolved "https://registry.yarnpkg.com/nprogress/-/nprogress-0.2.0.tgz#cb8f34c53213d895723fcbab907e9422adbcafb1"
  integrity sha1-y480xTIT2JVyP8urkH6UIq28r7E=
